// !$*UTF8*$!
{
	archiveVersion = 1;
	classes = {
	};
	objectVersion = 46;
	objects = {

/* Begin PBXBuildFile section */
		441C12B417789C96003671DC /* main.c in Sources */ = {isa = PBXBuildFile; fileRef = 441C12B317789C96003671DC /* main.c */; };
		441C12B617789C96003671DC /* Kalman_Filters.1 in CopyFiles */ = {isa = PBXBuildFile; fileRef = 441C12B517789C96003671DC /* Kalman_Filters.1 */; };
/* End PBXBuildFile section */

/* Begin PBXCopyFilesBuildPhase section */
		441C12AE17789C96003671DC /* CopyFiles */ = {
			isa = PBXCopyFilesBuildPhase;
			buildActionMask = 2147483647;
			dstPath = /usr/share/man/man1/;
			dstSubfolderSpec = 0;
			files = (
				441C12B617789C96003671DC /* Kalman_Filters.1 in CopyFiles */,
			);
			runOnlyForDeploymentPostprocessing = 1;
		};
/* End PBXCopyFilesBuildPhase section */

/* Begin PBXFileReference section */
		441C12B017789C96003671DC /* Kalman Filters */ = {isa = PBXFileReference; explicitFileType = "compiled.mach-o.executable"; includeInIndex = 0; path = "Kalman Filters"; sourceTree = BUILT_PRODUCTS_DIR; };
		441C12B317789C96003671DC /* main.c */ = {isa = PBXFileReference; lastKnownFileType = sourcecode.c.c; path = main.c; sourceTree = "<group>"; };
		441C12B517789C96003671DC /* Kalman_Filters.1 */ = {isa = PBXFileReference; lastKnownFileType = text.man; path = Kalman_Filters.1; sourceTree = "<group>"; };
/* End PBXFileReference section */

/* Begin PBXFrameworksBuildPhase section */
		441C12AD17789C96003671DC /* Frameworks */ = {
			isa = PBXFrameworksBuildPhase;
			buildActionMask = 2147483647;
			files = (
			);
			runOnlyForDeploymentPostprocessing = 0;
		};
/* End PBXFrameworksBuildPhase section */

/* Begin PBXGroup section */
		441C12A717789C96003671DC = {
			isa = PBXGroup;
			children = (
				441C12B217789C96003671DC /* Kalman Filters */,
				441C12B117789C96003671DC /* Products */,
			);
			sourceTree = "<group>";
		};
		441C12B117789C96003671DC /* Products */ = {
			isa = PBXGroup;
			children = (
				441C12B017789C96003671DC /* Kalman Filters */,
			);
			name = Products;
			sourceTree = "<group>";
		};
		441C12B217789C96003671DC /* Kalman Filters */ = {
			isa = PBXGroup;
			children = (
				441C12B317789C96003671DC /* main.c */,
				441C12B517789C96003671DC /* Kalman_Filters.1 */,
			);
			path = "Kalman Filters";
			sourceTree = "<group>";
		};
/* End PBXGroup section */

/* Begin PBXNativeTarget section */
		441C12AF17789C96003671DC /* Kalman Filters */ = {
			isa = PBXNativeTarget;
			buildConfigurationList = 441C12B917789C96003671DC /* Build configuration list for PBXNativeTarget "Kalman Filters" */;
			buildPhases = (
				441C12AC17789C96003671DC /* Sources */,
				441C12AD17789C96003671DC /* Frameworks */,
				441C12AE17789C96003671DC /* CopyFiles */,
			);
			buildRules = (
			);
			dependencies = (
			);
			name = "Kalman Filters";
			productName = "Kalman Filters";
			productReference = 441C12B017789C96003671DC /* Kalman Filters */;
			productType = "com.apple.product-type.tool";
		};
/* End PBXNativeTarget section */

/* Begin PBXProject section */
		441C12A817789C96003671DC /* Project object */ = {
			isa = PBXProject;
			attributes = {
				LastUpgradeCheck = 0460;
				ORGANIZATIONNAME = "Edward Costello";
			};
			buildConfigurationList = 441C12AB17789C96003671DC /* Build configuration list for PBXProject "Kalman Filters" */;
			compatibilityVersion = "Xcode 3.2";
			developmentRegion = English;
			hasScannedForEncodings = 0;
			knownRegions = (
				en,
			);
			mainGroup = 441C12A717789C96003671DC;
			productRefGroup = 441C12B117789C96003671DC /* Products */;
			projectDirPath = "";
			projectRoot = "";
			targets = (
				441C12AF17789C96003671DC /* Kalman Filters */,
			);
		};
/* End PBXProject section */

/* Begin PBXSourcesBuildPhase section */
		441C12AC17789C96003671DC /* Sources */ = {
			isa = PBXSourcesBuildPhase;
			buildActionMask = 2147483647;
			files = (
				441C12B417789C96003671DC /* main.c in Sources */,
			);
			runOnlyForDeploymentPostprocessing = 0;
		};
/* End PBXSourcesBuildPhase section */

/* Begin XCBuildConfiguration section */
		441C12B717789C96003671DC /* Debug */ = {
			isa = XCBuildConfiguration;
			buildSettings = {
				ALWAYS_SEARCH_USER_PATHS = NO;
				ARCHS = "$(ARCHS_STANDARD_64_BIT)";
				CLANG_CXX_LANGUAGE_STANDARD = "gnu++0x";
				CLANG_CXX_LIBRARY = "libc++";
				CLANG_WARN_CONSTANT_CONVERSION = YES;
				CLANG_WARN_EMPTY_BODY = YES;
				CLANG_WARN_ENUM_CONVERSION = YES;
				CLANG_WARN_INT_CONVERSION = YES;
				CLANG_WARN__DUPLICATE_METHOD_MATCH = YES;
				COPY_PHASE_STRIP = NO;
				GCC_C_LANGUAGE_STANDARD = gnu99;
				GCC_DYNAMIC_NO_PIC = NO;
				GCC_ENABLE_OBJC_EXCEPTIONS = YES;
				GCC_OPTIMIZATION_LEVEL = 0;
				GCC_PREPROCESSOR_DEFINITIONS = (
					"DEBUG=1",
					"$(inherited)",
				);
				GCC_SYMBOLS_PRIVATE_EXTERN = NO;
				GCC_WARN_64_TO_32_BIT_CONVERSION = YES;
				GCC_WARN_ABOUT_RETURN_TYPE = YES;
				GCC_WARN_UNINITIALIZED_AUTOS = YES;
				GCC_WARN_UNUSED_VARIABLE = YES;
				MACOSX_DEPLOYMENT_TARGET = 10.8;
				ONLY_ACTIVE_ARCH = YES;
				SDKROOT = macosx;
			};
			name = Debug;
		};
		441C12B817789C96003671DC /* Release */ = {
			isa = XCBuildConfiguration;
			buildSettings = {
				ALWAYS_SEARCH_USER_PATHS = NO;
				ARCHS = "$(ARCHS_STANDARD_64_BIT)";
				CLANG_CXX_LANGUAGE_STANDARD = "gnu++0x";
				CLANG_CXX_LIBRARY = "libc++";
				CLANG_WARN_CONSTANT_CONVERSION = YES;
				CLANG_WARN_EMPTY_BODY = YES;
				CLANG_WARN_ENUM_CONVERSION = YES;
				CLANG_WARN_INT_CONVERSION = YES;
				CLANG_WARN__DUPLICATE_METHOD_MATCH = YES;
				COPY_PHASE_STRIP = YES;
				DEBUG_INFORMATION_FORMAT = "dwarf-with-dsym";
				GCC_C_LANGUAGE_STANDARD = gnu99;
				GCC_ENABLE_OBJC_EXCEPTIONS = YES;
				GCC_WARN_64_TO_32_BIT_CONVERSION = YES;
				GCC_WARN_ABOUT_RETURN_TYPE = YES;
				GCC_WARN_UNINITIALIZED_AUTOS = YES;
				GCC_WARN_UNUSED_VARIABLE = YES;
				MACOSX_DEPLOYMENT_TARGET = 10.8;
				SDKROOT = macosx;
			};
			name = Release;
		};
		441C12BA17789C96003671DC /* Debug */ = {
			isa = XCBuildConfiguration;
			buildSettings = {
				PRODUCT_NAME = "$(TARGET_NAME)";
			};
			name = Debug;
		};
		441C12BB17789C96003671DC /* Release */ = {
			isa = XCBuildConfiguration;
			buildSettings = {
				PRODUCT_NAME = "$(TARGET_NAME)";
			};
			name = Release;
		};
/* End XCBuildConfiguration section */

/* Begin XCConfigurationList section */
		441C12AB17789C96003671DC /* Build configuration list for PBXProject "Kalman Filters" */ = {
			isa = XCConfigurationList;
			buildConfigurations = (
				441C12B717789C96003671DC /* Debug */,
				441C12B817789C96003671DC /* Release */,
			);
			defaultConfigurationIsVisible = 0;
			defaultConfigurationName = Release;
		};
		441C12B917789C96003671DC /* Build configuration list for PBXNativeTarget "Kalman Filters" */ = {
			isa = XCConfigurationList;
			buildConfigurations = (
				441C12BA17789C96003671DC /* Debug */,
				441C12BB17789C96003671DC /* Release */,
			);
			defaultConfigurationIsVisible = 0;
		};
/* End XCConfigurationList section */
	};
	rootObject = 441C12A817789C96003671DC /* Project object */;
}
